// !$*UTF8*$!
{
	archiveVersion = 1;
	classes = {
	};
	objectVersion = 46;
	objects = {

/* Begin PBXBuildFile section */
		1C25086F840FE7194FFFA6FF /* Pods_unSearch.framework in Frameworks */ = {isa = PBXBuildFile; fileRef = D0806994D5FE374ABCB8A184 /* Pods_unSearch.framework */; };
		688A50129DA897A87210231A /* Main.storyboard in Resources */ = {isa = PBXBuildFile; fileRef = 688A5213E736003B8C9B9E8D /* Main.storyboard */; };
		688A50BC12A73F2E37A3EF75 /* LaunchScreen.storyboard in Resources */ = {isa = PBXBuildFile; fileRef = 688A5389D422FDF184F24FF8 /* LaunchScreen.storyboard */; };
		688A535C37173628E8F51CDC /* Assets.xcassets in Resources */ = {isa = PBXBuildFile; fileRef = 688A54C1275EF718A177A20D /* Assets.xcassets */; };
		688A5675DA0F17BFB8A68FB2 /* HistoryViewController.swift in Sources */ = {isa = PBXBuildFile; fileRef = 688A5ECEAEA343319DDDED6E /* HistoryViewController.swift */; };
		688A597007AAFF6899530EA7 /* ChatCellModels.swift in Sources */ = {isa = PBXBuildFile; fileRef = 688A59B0B617C9FE015E93EE /* ChatCellModels.swift */; };
		688A5C548CB46C588D1EE8C1 /* AppDelegate.swift in Sources */ = {isa = PBXBuildFile; fileRef = 688A58FFF35B86F1CBB41B6E /* AppDelegate.swift */; };
		688A5D1F3258E303C1D73F39 /* OrderViewController.swift in Sources */ = {isa = PBXBuildFile; fileRef = 688A5C9AD7E21DA1B620D95C /* OrderViewController.swift */; };
		688A5FCA2EBAD560BE5217CC /* SettingsViewController.swift in Sources */ = {isa = PBXBuildFile; fileRef = 688A57432F80F266C309E3F5 /* SettingsViewController.swift */; };
		EE0FC7E11C503CB9006F6045 /* OutgoingMessage.xib in Resources */ = {isa = PBXBuildFile; fileRef = EE0FC7E01C503CB9006F6045 /* OutgoingMessage.xib */; };
		EE1CB81A1C48449D0047DB03 /* ExpLeagueProfile+CoreDataProperties.swift in Sources */ = {isa = PBXBuildFile; fileRef = EE1CB8181C48449D0047DB03 /* ExpLeagueProfile+CoreDataProperties.swift */; };
		EE1CB81B1C48449D0047DB03 /* ExpLeagueProfile.swift in Sources */ = {isa = PBXBuildFile; fileRef = EE1CB8191C48449D0047DB03 /* ExpLeagueProfile.swift */; };
		EE297ACC1C4A6C79002DE78B /* ConnectionProgressController.swift in Sources */ = {isa = PBXBuildFile; fileRef = EE297ACB1C4A6C79002DE78B /* ConnectionProgressController.swift */; };
		EE2DB1921C4E5AD800F9601D /* ChatInput.xib in Resources */ = {isa = PBXBuildFile; fileRef = EE2DB1911C4E5AD800F9601D /* ChatInput.xib */; };
		EE2DB1941C4E5E9000F9601D /* ChatInputViewController.swift in Sources */ = {isa = PBXBuildFile; fileRef = EE2DB1931C4E5E9000F9601D /* ChatInputViewController.swift */; };
		EE3EFCC31C5AA308000CC08E /* UIGestureRecognizerClosure.swift in Sources */ = {isa = PBXBuildFile; fileRef = EE3EFCC21C5AA308000CC08E /* UIGestureRecognizerClosure.swift */; };
		EE62BEEF1C452CA1004B6A42 /* MessagesViewController.swift in Sources */ = {isa = PBXBuildFile; fileRef = EE62BEEE1C452CA1004B6A42 /* MessagesViewController.swift */; };
		EE62BF011C4802B2004B6A42 /* ExpLeagueMessage+CoreDataProperties.swift in Sources */ = {isa = PBXBuildFile; fileRef = EE62BEFD1C4802B2004B6A42 /* ExpLeagueMessage+CoreDataProperties.swift */; };
		EE62BF021C4802B2004B6A42 /* ExpLeagueMessage.swift in Sources */ = {isa = PBXBuildFile; fileRef = EE62BEFE1C4802B2004B6A42 /* ExpLeagueMessage.swift */; };
		EE62BF031C4802B2004B6A42 /* ExpLeagueOrder+CoreDataProperties.swift in Sources */ = {isa = PBXBuildFile; fileRef = EE62BEFF1C4802B2004B6A42 /* ExpLeagueOrder+CoreDataProperties.swift */; };
		EE62BF041C4802B2004B6A42 /* ExpLeagueOrder.swift in Sources */ = {isa = PBXBuildFile; fileRef = EE62BF001C4802B2004B6A42 /* ExpLeagueOrder.swift */; };
		EE6EA7CC1C48F79300692406 /* ProfileModel.xcdatamodeld in Sources */ = {isa = PBXBuildFile; fileRef = EE6EA7CA1C48F79300692406 /* ProfileModel.xcdatamodeld */; };
		EE755C551C57E9110018AF12 /* Setup.xib in Resources */ = {isa = PBXBuildFile; fileRef = EE755C541C57E9110018AF12 /* Setup.xib */; };
		EE755C571C591B220018AF12 /* Feedback.xib in Resources */ = {isa = PBXBuildFile; fileRef = EE755C561C591B220018AF12 /* Feedback.xib */; };
		EE94599C1C57A5FC000796ED /* AnswerReceived.xib in Resources */ = {isa = PBXBuildFile; fileRef = EE94599A1C57A5FC000796ED /* AnswerReceived.xib */; };
		EE9EE79F1C576587000E9F46 /* LookingForExpert.xib in Resources */ = {isa = PBXBuildFile; fileRef = EE9EE79E1C576587000E9F46 /* LookingForExpert.xib */; };
		EE9EE7A31C577859000E9F46 /* ExpertInProgress.xib in Resources */ = {isa = PBXBuildFile; fileRef = EE9EE7A11C577859000E9F46 /* ExpertInProgress.xib */; };
		EEF7BB401C4F9B2700E1B7BD /* ChatCellViews.swift in Sources */ = {isa = PBXBuildFile; fileRef = EEF7BB3F1C4F9B2700E1B7BD /* ChatCellViews.swift */; };
		EEF7BB421C4F9B6000E1B7BD /* IncomingMessage.xib in Resources */ = {isa = PBXBuildFile; fileRef = EEF7BB411C4F9B6000E1B7BD /* IncomingMessage.xib */; };
/* End PBXBuildFile section */

/* Begin PBXFileReference section */
		4D8195958D485AAAB1466469 /* Pods-unSearch.release.xcconfig */ = {isa = PBXFileReference; includeInIndex = 1; lastKnownFileType = text.xcconfig; name = "Pods-unSearch.release.xcconfig"; path = "Pods/Target Support Files/Pods-unSearch/Pods-unSearch.release.xcconfig"; sourceTree = "<group>"; };
		61604C2A35AEDECEEB1173F8 /* Pods-unSearch.debug.xcconfig */ = {isa = PBXFileReference; includeInIndex = 1; lastKnownFileType = text.xcconfig; name = "Pods-unSearch.debug.xcconfig"; path = "Pods/Target Support Files/Pods-unSearch/Pods-unSearch.debug.xcconfig"; sourceTree = "<group>"; };
		688A54C1275EF718A177A20D /* Assets.xcassets */ = {isa = PBXFileReference; lastKnownFileType = folder.assetcatalog; path = Assets.xcassets; sourceTree = "<group>"; };
		688A572BF69C09B25F168A0A /* Info.plist */ = {isa = PBXFileReference; lastKnownFileType = text.plist.info; path = Info.plist; sourceTree = "<group>"; };
		688A57432F80F266C309E3F5 /* SettingsViewController.swift */ = {isa = PBXFileReference; fileEncoding = 4; lastKnownFileType = sourcecode.swift; path = SettingsViewController.swift; sourceTree = "<group>"; };
		688A58B09435AD1860CC5456 /* Base */ = {isa = PBXFileReference; lastKnownFileType = file.storyboard; name = Base; path = Base.lproj/LaunchScreen.storyboard; sourceTree = "<group>"; };
		688A58FFF35B86F1CBB41B6E /* AppDelegate.swift */ = {isa = PBXFileReference; lastKnownFileType = sourcecode.swift; path = AppDelegate.swift; sourceTree = "<group>"; };
		688A59B0B617C9FE015E93EE /* ChatCellModels.swift */ = {isa = PBXFileReference; fileEncoding = 4; lastKnownFileType = sourcecode.swift; path = ChatCellModels.swift; sourceTree = "<group>"; };
		688A5A3874D7356869C00A6B /* Base */ = {isa = PBXFileReference; lastKnownFileType = file.storyboard; name = Base; path = Base.lproj/Main.storyboard; sourceTree = "<group>"; };
		688A5C00876CA19A64E86FA1 /* unSearch-Bridging-Header.h */ = {isa = PBXFileReference; fileEncoding = 4; lastKnownFileType = sourcecode.c.h; path = "unSearch-Bridging-Header.h"; sourceTree = "<group>"; };
		688A5C9AD7E21DA1B620D95C /* OrderViewController.swift */ = {isa = PBXFileReference; fileEncoding = 4; lastKnownFileType = sourcecode.swift; path = OrderViewController.swift; sourceTree = "<group>"; };
		688A5D254FAD2FD2CCCC8DF6 /* unSearch.app */ = {isa = PBXFileReference; explicitFileType = wrapper.application; includeInIndex = 0; path = unSearch.app; sourceTree = BUILT_PRODUCTS_DIR; };
		688A5ECEAEA343319DDDED6E /* HistoryViewController.swift */ = {isa = PBXFileReference; fileEncoding = 4; lastKnownFileType = sourcecode.swift; path = HistoryViewController.swift; sourceTree = "<group>"; };
		D0806994D5FE374ABCB8A184 /* Pods_unSearch.framework */ = {isa = PBXFileReference; explicitFileType = wrapper.framework; includeInIndex = 0; path = Pods_unSearch.framework; sourceTree = BUILT_PRODUCTS_DIR; };
		EE0FC7E01C503CB9006F6045 /* OutgoingMessage.xib */ = {isa = PBXFileReference; fileEncoding = 4; lastKnownFileType = file.xib; path = OutgoingMessage.xib; sourceTree = "<group>"; };
		EE1CB8181C48449D0047DB03 /* ExpLeagueProfile+CoreDataProperties.swift */ = {isa = PBXFileReference; fileEncoding = 4; lastKnownFileType = sourcecode.swift; path = "ExpLeagueProfile+CoreDataProperties.swift"; sourceTree = "<group>"; };
		EE1CB8191C48449D0047DB03 /* ExpLeagueProfile.swift */ = {isa = PBXFileReference; fileEncoding = 4; lastKnownFileType = sourcecode.swift; path = ExpLeagueProfile.swift; sourceTree = "<group>"; };
		EE297ACB1C4A6C79002DE78B /* ConnectionProgressController.swift */ = {isa = PBXFileReference; fileEncoding = 4; lastKnownFileType = sourcecode.swift; path = ConnectionProgressController.swift; sourceTree = "<group>"; };
		EE2DB1911C4E5AD800F9601D /* ChatInput.xib */ = {isa = PBXFileReference; fileEncoding = 4; lastKnownFileType = file.xib; path = ChatInput.xib; sourceTree = "<group>"; };
		EE2DB1931C4E5E9000F9601D /* ChatInputViewController.swift */ = {isa = PBXFileReference; fileEncoding = 4; lastKnownFileType = sourcecode.swift; path = ChatInputViewController.swift; sourceTree = "<group>"; };
		EE3EFCC21C5AA308000CC08E /* UIGestureRecognizerClosure.swift */ = {isa = PBXFileReference; fileEncoding = 4; lastKnownFileType = sourcecode.swift; path = UIGestureRecognizerClosure.swift; sourceTree = "<group>"; };
		EE62BEEE1C452CA1004B6A42 /* MessagesViewController.swift */ = {isa = PBXFileReference; fileEncoding = 4; lastKnownFileType = sourcecode.swift; path = MessagesViewController.swift; sourceTree = "<group>"; };
		EE62BEFD1C4802B2004B6A42 /* ExpLeagueMessage+CoreDataProperties.swift */ = {isa = PBXFileReference; fileEncoding = 4; lastKnownFileType = sourcecode.swift; path = "ExpLeagueMessage+CoreDataProperties.swift"; sourceTree = "<group>"; };
		EE62BEFE1C4802B2004B6A42 /* ExpLeagueMessage.swift */ = {isa = PBXFileReference; fileEncoding = 4; lastKnownFileType = sourcecode.swift; path = ExpLeagueMessage.swift; sourceTree = "<group>"; };
		EE62BEFF1C4802B2004B6A42 /* ExpLeagueOrder+CoreDataProperties.swift */ = {isa = PBXFileReference; fileEncoding = 4; lastKnownFileType = sourcecode.swift; path = "ExpLeagueOrder+CoreDataProperties.swift"; sourceTree = "<group>"; };
		EE62BF001C4802B2004B6A42 /* ExpLeagueOrder.swift */ = {isa = PBXFileReference; fileEncoding = 4; lastKnownFileType = sourcecode.swift; path = ExpLeagueOrder.swift; sourceTree = "<group>"; };
		EE6EA7CB1C48F79300692406 /* ProfileModel.xcdatamodel */ = {isa = PBXFileReference; lastKnownFileType = wrapper.xcdatamodel; path = ProfileModel.xcdatamodel; sourceTree = "<group>"; };
		EE755C541C57E9110018AF12 /* Setup.xib */ = {isa = PBXFileReference; fileEncoding = 4; lastKnownFileType = file.xib; path = Setup.xib; sourceTree = "<group>"; };
		EE755C561C591B220018AF12 /* Feedback.xib */ = {isa = PBXFileReference; fileEncoding = 4; lastKnownFileType = file.xib; path = Feedback.xib; sourceTree = "<group>"; };
		EE94599A1C57A5FC000796ED /* AnswerReceived.xib */ = {isa = PBXFileReference; fileEncoding = 4; lastKnownFileType = file.xib; path = AnswerReceived.xib; sourceTree = "<group>"; };
		EE9EE79E1C576587000E9F46 /* LookingForExpert.xib */ = {isa = PBXFileReference; fileEncoding = 4; lastKnownFileType = file.xib; path = LookingForExpert.xib; sourceTree = "<group>"; };
		EE9EE7A11C577859000E9F46 /* ExpertInProgress.xib */ = {isa = PBXFileReference; fileEncoding = 4; lastKnownFileType = file.xib; path = ExpertInProgress.xib; sourceTree = "<group>"; };
		EEF7BB3F1C4F9B2700E1B7BD /* ChatCellViews.swift */ = {isa = PBXFileReference; fileEncoding = 4; lastKnownFileType = sourcecode.swift; path = ChatCellViews.swift; sourceTree = "<group>"; };
		EEF7BB411C4F9B6000E1B7BD /* IncomingMessage.xib */ = {isa = PBXFileReference; fileEncoding = 4; lastKnownFileType = file.xib; path = IncomingMessage.xib; sourceTree = "<group>"; };
/* End PBXFileReference section */

/* Begin PBXFrameworksBuildPhase section */
		688A5B80BF815B303AF99176 /* Frameworks */ = {
			isa = PBXFrameworksBuildPhase;
			buildActionMask = 2147483647;
			files = (
				1C25086F840FE7194FFFA6FF /* Pods_unSearch.framework in Frameworks */,
			);
			runOnlyForDeploymentPostprocessing = 0;
		};
/* End PBXFrameworksBuildPhase section */

/* Begin PBXGroup section */
		688A542BC9B4647DBE9D9EA1 /* Products */ = {
			isa = PBXGroup;
			children = (
				688A5D254FAD2FD2CCCC8DF6 /* unSearch.app */,
			);
			name = Products;
			sourceTree = "<group>";
		};
		688A5994FE17EAF8576C2131 /* unSearch */ = {
			isa = PBXGroup;
			children = (
				EE62BF051C48032D004B6A42 /* Data */,
				EE2DB18E1C4E5A0A00F9601D /* ResultView */,
				688A572BF69C09B25F168A0A /* Info.plist */,
				688A54C1275EF718A177A20D /* Assets.xcassets */,
				688A5389D422FDF184F24FF8 /* LaunchScreen.storyboard */,
				688A58FFF35B86F1CBB41B6E /* AppDelegate.swift */,
				688A5213E736003B8C9B9E8D /* Main.storyboard */,
				688A57432F80F266C309E3F5 /* SettingsViewController.swift */,
				688A5C00876CA19A64E86FA1 /* unSearch-Bridging-Header.h */,
				688A5C9AD7E21DA1B620D95C /* OrderViewController.swift */,
				688A5ECEAEA343319DDDED6E /* HistoryViewController.swift */,
				EE297ACB1C4A6C79002DE78B /* ConnectionProgressController.swift */,
				EE3EFCC21C5AA308000CC08E /* UIGestureRecognizerClosure.swift */,
			);
			path = unSearch;
			sourceTree = "<group>";
		};
		688A5EBA25EC20AE074E1D34 = {
			isa = PBXGroup;
			children = (
				688A542BC9B4647DBE9D9EA1 /* Products */,
				688A5994FE17EAF8576C2131 /* unSearch */,
				8605A9C421A901ED42F97CFE /* Pods */,
				9C4570206917EC63AFB195ED /* Frameworks */,
			);
			sourceTree = "<group>";
		};
		8605A9C421A901ED42F97CFE /* Pods */ = {
			isa = PBXGroup;
			children = (
				61604C2A35AEDECEEB1173F8 /* Pods-unSearch.debug.xcconfig */,
				4D8195958D485AAAB1466469 /* Pods-unSearch.release.xcconfig */,
			);
			name = Pods;
			sourceTree = "<group>";
		};
		9C4570206917EC63AFB195ED /* Frameworks */ = {
			isa = PBXGroup;
			children = (
				D0806994D5FE374ABCB8A184 /* Pods_unSearch.framework */,
			);
			name = Frameworks;
			sourceTree = "<group>";
		};
		EE2DB18E1C4E5A0A00F9601D /* ResultView */ = {
			isa = PBXGroup;
			children = (
				EE62BEEE1C452CA1004B6A42 /* MessagesViewController.swift */,
				EE2DB1931C4E5E9000F9601D /* ChatInputViewController.swift */,
				EEF7BB3F1C4F9B2700E1B7BD /* ChatCellViews.swift */,
				688A59B0B617C9FE015E93EE /* ChatCellModels.swift */,
				EEF7BB411C4F9B6000E1B7BD /* IncomingMessage.xib */,
				EE0FC7E01C503CB9006F6045 /* OutgoingMessage.xib */,
				EE755C541C57E9110018AF12 /* Setup.xib */,
				EE9EE79E1C576587000E9F46 /* LookingForExpert.xib */,
				EE9EE7A11C577859000E9F46 /* ExpertInProgress.xib */,
				EE94599A1C57A5FC000796ED /* AnswerReceived.xib */,
				EE2DB1911C4E5AD800F9601D /* ChatInput.xib */,
				EE755C561C591B220018AF12 /* Feedback.xib */,
			);
			name = ResultView;
			sourceTree = "<group>";
		};
		EE62BF051C48032D004B6A42 /* Data */ = {
			isa = PBXGroup;
			children = (
				EE6EA7CA1C48F79300692406 /* ProfileModel.xcdatamodeld */,
				EE1CB8181C48449D0047DB03 /* ExpLeagueProfile+CoreDataProperties.swift */,
				EE1CB8191C48449D0047DB03 /* ExpLeagueProfile.swift */,
				EE62BEFD1C4802B2004B6A42 /* ExpLeagueMessage+CoreDataProperties.swift */,
				EE62BEFE1C4802B2004B6A42 /* ExpLeagueMessage.swift */,
				EE62BEFF1C4802B2004B6A42 /* ExpLeagueOrder+CoreDataProperties.swift */,
				EE62BF001C4802B2004B6A42 /* ExpLeagueOrder.swift */,
			);
			name = Data;
			sourceTree = "<group>";
		};
/* End PBXGroup section */

/* Begin PBXNativeTarget section */
		688A5EBB752445F69E4387AA /* unSearch */ = {
			isa = PBXNativeTarget;
			buildConfigurationList = 688A5469209AAF01E88A821B /* Build configuration list for PBXNativeTarget "unSearch" */;
			buildPhases = (
				48D5D07AE576D0C4A72FDB94 /* Check Pods Manifest.lock */,
				688A5E2B1D85BCDA2EA439A6 /* Sources */,
				688A5B80BF815B303AF99176 /* Frameworks */,
				688A5B568125A95BA6176F27 /* Resources */,
				5B9E8B8E88E1279BFCEB914F /* Embed Pods Frameworks */,
				63B2778C25C767B4354F098C /* Copy Pods Resources */,
			);
			buildRules = (
			);
			dependencies = (
			);
			name = unSearch;
			productName = unSearch;
			productReference = 688A5D254FAD2FD2CCCC8DF6 /* unSearch.app */;
			productType = "com.apple.product-type.application";
		};
/* End PBXNativeTarget section */

/* Begin PBXProject section */
		688A5063BF773CB16A0CD55C /* Project object */ = {
			isa = PBXProject;
			attributes = {
				LastSwiftUpdateCheck = 0710;
				LastUpgradeCheck = 0710;
				ORGANIZATIONNAME = "Experts League Inc.";
				TargetAttributes = {
					688A5EBB752445F69E4387AA = {
						DevelopmentTeam = 726B9M57JK;
					};
				};
			};
			buildConfigurationList = 688A5F9E45F6BA96D364A232 /* Build configuration list for PBXProject "unSearch" */;
			compatibilityVersion = "Xcode 3.2";
			developmentRegion = English;
			hasScannedForEncodings = 0;
			knownRegions = (
				en,
			);
			mainGroup = 688A5EBA25EC20AE074E1D34;
			productRefGroup = 688A542BC9B4647DBE9D9EA1 /* Products */;
			projectDirPath = "";
			projectRoot = "";
			targets = (
				688A5EBB752445F69E4387AA /* unSearch */,
			);
		};
/* End PBXProject section */

/* Begin PBXResourcesBuildPhase section */
		688A5B568125A95BA6176F27 /* Resources */ = {
			isa = PBXResourcesBuildPhase;
			buildActionMask = 2147483647;
			files = (
				688A535C37173628E8F51CDC /* Assets.xcassets in Resources */,
				EE94599C1C57A5FC000796ED /* AnswerReceived.xib in Resources */,
				EE755C551C57E9110018AF12 /* Setup.xib in Resources */,
				EE9EE7A31C577859000E9F46 /* ExpertInProgress.xib in Resources */,
				EE0FC7E11C503CB9006F6045 /* OutgoingMessage.xib in Resources */,
				EEF7BB421C4F9B6000E1B7BD /* IncomingMessage.xib in Resources */,
				EE755C571C591B220018AF12 /* Feedback.xib in Resources */,
				688A50BC12A73F2E37A3EF75 /* LaunchScreen.storyboard in Resources */,
				EE2DB1921C4E5AD800F9601D /* ChatInput.xib in Resources */,
				EE9EE79F1C576587000E9F46 /* LookingForExpert.xib in Resources */,
				688A50129DA897A87210231A /* Main.storyboard in Resources */,
			);
			runOnlyForDeploymentPostprocessing = 0;
		};
/* End PBXResourcesBuildPhase section */

/* Begin PBXShellScriptBuildPhase section */
		48D5D07AE576D0C4A72FDB94 /* Check Pods Manifest.lock */ = {
			isa = PBXShellScriptBuildPhase;
			buildActionMask = 2147483647;
			files = (
			);
			inputPaths = (
			);
			name = "Check Pods Manifest.lock";
			outputPaths = (
			);
			runOnlyForDeploymentPostprocessing = 0;
			shellPath = /bin/sh;
			shellScript = "diff \"${PODS_ROOT}/../Podfile.lock\" \"${PODS_ROOT}/Manifest.lock\" > /dev/null\nif [[ $? != 0 ]] ; then\n    cat << EOM\nerror: The sandbox is not in sync with the Podfile.lock. Run 'pod install' or update your CocoaPods installation.\nEOM\n    exit 1\nfi\n";
			showEnvVarsInLog = 0;
		};
		5B9E8B8E88E1279BFCEB914F /* Embed Pods Frameworks */ = {
			isa = PBXShellScriptBuildPhase;
			buildActionMask = 2147483647;
			files = (
			);
			inputPaths = (
			);
			name = "Embed Pods Frameworks";
			outputPaths = (
			);
			runOnlyForDeploymentPostprocessing = 0;
			shellPath = /bin/sh;
			shellScript = "\"${SRCROOT}/Pods/Target Support Files/Pods-unSearch/Pods-unSearch-frameworks.sh\"\n";
			showEnvVarsInLog = 0;
		};
		63B2778C25C767B4354F098C /* Copy Pods Resources */ = {
			isa = PBXShellScriptBuildPhase;
			buildActionMask = 2147483647;
			files = (
			);
			inputPaths = (
			);
			name = "Copy Pods Resources";
			outputPaths = (
			);
			runOnlyForDeploymentPostprocessing = 0;
			shellPath = /bin/sh;
			shellScript = "\"${SRCROOT}/Pods/Target Support Files/Pods-unSearch/Pods-unSearch-resources.sh\"\n";
			showEnvVarsInLog = 0;
		};
/* End PBXShellScriptBuildPhase section */

/* Begin PBXSourcesBuildPhase section */
		688A5E2B1D85BCDA2EA439A6 /* Sources */ = {
			isa = PBXSourcesBuildPhase;
			buildActionMask = 2147483647;
			files = (
				EE62BEEF1C452CA1004B6A42 /* MessagesViewController.swift in Sources */,
				EE3EFCC31C5AA308000CC08E /* UIGestureRecognizerClosure.swift in Sources */,
				EE6EA7CC1C48F79300692406 /* ProfileModel.xcdatamodeld in Sources */,
				EE62BF031C4802B2004B6A42 /* ExpLeagueOrder+CoreDataProperties.swift in Sources */,
				EE62BF041C4802B2004B6A42 /* ExpLeagueOrder.swift in Sources */,
				EEF7BB401C4F9B2700E1B7BD /* ChatCellViews.swift in Sources */,
				EE62BF021C4802B2004B6A42 /* ExpLeagueMessage.swift in Sources */,
				EE2DB1941C4E5E9000F9601D /* ChatInputViewController.swift in Sources */,
				EE62BF011C4802B2004B6A42 /* ExpLeagueMessage+CoreDataProperties.swift in Sources */,
				EE1CB81B1C48449D0047DB03 /* ExpLeagueProfile.swift in Sources */,
				688A5C548CB46C588D1EE8C1 /* AppDelegate.swift in Sources */,
				EE297ACC1C4A6C79002DE78B /* ConnectionProgressController.swift in Sources */,
				688A5FCA2EBAD560BE5217CC /* SettingsViewController.swift in Sources */,
				EE1CB81A1C48449D0047DB03 /* ExpLeagueProfile+CoreDataProperties.swift in Sources */,
				688A5D1F3258E303C1D73F39 /* OrderViewController.swift in Sources */,
				688A5675DA0F17BFB8A68FB2 /* HistoryViewController.swift in Sources */,
				688A597007AAFF6899530EA7 /* ChatCellModels.swift in Sources */,
			);
			runOnlyForDeploymentPostprocessing = 0;
		};
/* End PBXSourcesBuildPhase section */

/* Begin PBXVariantGroup section */
		688A5213E736003B8C9B9E8D /* Main.storyboard */ = {
			isa = PBXVariantGroup;
			children = (
				688A5A3874D7356869C00A6B /* Base */,
			);
			name = Main.storyboard;
			sourceTree = "<group>";
		};
		688A5389D422FDF184F24FF8 /* LaunchScreen.storyboard */ = {
			isa = PBXVariantGroup;
			children = (
				688A58B09435AD1860CC5456 /* Base */,
			);
			name = LaunchScreen.storyboard;
			sourceTree = "<group>";
		};
/* End PBXVariantGroup section */

/* Begin XCBuildConfiguration section */
		688A5694A50A1AA5514C8259 /* Release */ = {
			isa = XCBuildConfiguration;
			baseConfigurationReference = 4D8195958D485AAAB1466469 /* Pods-unSearch.release.xcconfig */;
			buildSettings = {
				ASSETCATALOG_COMPILER_APPICON_NAME = AppIcon;
				CODE_SIGN_IDENTITY = "iPhone Developer";
				"CODE_SIGN_IDENTITY[sdk=iphoneos*]" = "iPhone Developer";
				INFOPLIST_FILE = unSearch/Info.plist;
				LD_RUNPATH_SEARCH_PATHS = "$(inherited) @executable_path/Frameworks";
				PRODUCT_BUNDLE_IDENTIFIER = com.expleague.unSearch;
				PRODUCT_NAME = "$(TARGET_NAME)";
				PROVISIONING_PROFILE = "";
				USER_HEADER_SEARCH_PATHS = "\"${PROJECT_DIR}/Pods\"/**";
			};
			name = Release;
		};
		688A591FF3A6E23F79EF0CB7 /* Debug */ = {
			isa = XCBuildConfiguration;
			buildSettings = {
				ALWAYS_SEARCH_USER_PATHS = NO;
				CLANG_CXX_LANGUAGE_STANDARD = "gnu++0x";
				CLANG_CXX_LIBRARY = "libc++";
				CLANG_ENABLE_MODULES = YES;
				CLANG_ENABLE_OBJC_ARC = YES;
				CLANG_WARN_BOOL_CONVERSION = YES;
				CLANG_WARN_CONSTANT_CONVERSION = YES;
				CLANG_WARN_DIRECT_OBJC_ISA_USAGE = YES_ERROR;
				CLANG_WARN_EMPTY_BODY = YES;
				CLANG_WARN_ENUM_CONVERSION = YES;
				CLANG_WARN_INT_CONVERSION = YES;
				CLANG_WARN_OBJC_ROOT_CLASS = YES_ERROR;
				CLANG_WARN_UNREACHABLE_CODE = YES;
				CLANG_WARN__DUPLICATE_METHOD_MATCH = YES;
				"CODE_SIGN_IDENTITY[sdk=iphoneos*]" = "iPhone Developer";
				COPY_PHASE_STRIP = NO;
				DEBUG_INFORMATION_FORMAT = dwarf;
				ENABLE_STRICT_OBJC_MSGSEND = YES;
				ENABLE_TESTABILITY = YES;
				GCC_C_LANGUAGE_STANDARD = gnu99;
				GCC_DYNAMIC_NO_PIC = NO;
				GCC_NO_COMMON_BLOCKS = YES;
				GCC_OPTIMIZATION_LEVEL = 0;
				GCC_PREPROCESSOR_DEFINITIONS = (
					"DEBUG=1",
					"$(inherited)",
				);
				GCC_WARN_64_TO_32_BIT_CONVERSION = YES;
				GCC_WARN_ABOUT_RETURN_TYPE = YES_ERROR;
				GCC_WARN_UNDECLARED_SELECTOR = YES;
				GCC_WARN_UNINITIALIZED_AUTOS = YES_AGGRESSIVE;
				GCC_WARN_UNUSED_FUNCTION = YES;
				GCC_WARN_UNUSED_VARIABLE = YES;
				IPHONEOS_DEPLOYMENT_TARGET = 8.0;
				MTL_ENABLE_DEBUG_INFO = YES;
				ONLY_ACTIVE_ARCH = YES;
				SDKROOT = iphoneos;
				SWIFT_INSTALL_OBJC_HEADER = NO;
				SWIFT_OPTIMIZATION_LEVEL = "-Onone";
				TARGETED_DEVICE_FAMILY = "1,2";
			};
			name = Debug;
		};
		688A59B9FAF09CE2A815A425 /* Release */ = {
			isa = XCBuildConfiguration;
			buildSettings = {
				ALWAYS_SEARCH_USER_PATHS = NO;
				CLANG_CXX_LANGUAGE_STANDARD = "gnu++0x";
				CLANG_CXX_LIBRARY = "libc++";
				CLANG_ENABLE_MODULES = YES;
				CLANG_ENABLE_OBJC_ARC = YES;
				CLANG_WARN_BOOL_CONVERSION = YES;
				CLANG_WARN_CONSTANT_CONVERSION = YES;
				CLANG_WARN_DIRECT_OBJC_ISA_USAGE = YES_ERROR;
				CLANG_WARN_EMPTY_BODY = YES;
				CLANG_WARN_ENUM_CONVERSION = YES;
				CLANG_WARN_INT_CONVERSION = YES;
				CLANG_WARN_OBJC_ROOT_CLASS = YES_ERROR;
				CLANG_WARN_UNREACHABLE_CODE = YES;
				CLANG_WARN__DUPLICATE_METHOD_MATCH = YES;
				"CODE_SIGN_IDENTITY[sdk=iphoneos*]" = "iPhone Developer";
				COPY_PHASE_STRIP = NO;
				DEBUG_INFORMATION_FORMAT = "dwarf-with-dsym";
				ENABLE_NS_ASSERTIONS = NO;
				ENABLE_STRICT_OBJC_MSGSEND = YES;
				GCC_C_LANGUAGE_STANDARD = gnu99;
				GCC_NO_COMMON_BLOCKS = YES;
				GCC_WARN_64_TO_32_BIT_CONVERSION = YES;
				GCC_WARN_ABOUT_RETURN_TYPE = YES_ERROR;
				GCC_WARN_UNDECLARED_SELECTOR = YES;
				GCC_WARN_UNINITIALIZED_AUTOS = YES_AGGRESSIVE;
				GCC_WARN_UNUSED_FUNCTION = YES;
				GCC_WARN_UNUSED_VARIABLE = YES;
				IPHONEOS_DEPLOYMENT_TARGET = 8.0;
				MTL_ENABLE_DEBUG_INFO = NO;
				SDKROOT = iphoneos;
				SWIFT_INSTALL_OBJC_HEADER = NO;
				TARGETED_DEVICE_FAMILY = "1,2";
				VALIDATE_PRODUCT = YES;
			};
			name = Release;
		};
		688A5A61E26D6695451DA769 /* Debug */ = {
			isa = XCBuildConfiguration;
			baseConfigurationReference = 61604C2A35AEDECEEB1173F8 /* Pods-unSearch.debug.xcconfig */;
			buildSettings = {
				ASSETCATALOG_COMPILER_APPICON_NAME = AppIcon;
				CODE_SIGN_IDENTITY = "iPhone Developer";
				"CODE_SIGN_IDENTITY[sdk=iphoneos*]" = "iPhone Developer";
				INFOPLIST_FILE = unSearch/Info.plist;
				LD_RUNPATH_SEARCH_PATHS = "$(inherited) @executable_path/Frameworks";
				PRODUCT_BUNDLE_IDENTIFIER = com.expleague.unSearch;
				PRODUCT_NAME = "$(TARGET_NAME)";
				PROVISIONING_PROFILE = "";
				USER_HEADER_SEARCH_PATHS = "\"${PROJECT_DIR}/Pods\"/**";
			};
			name = Debug;
		};
/* End XCBuildConfiguration section */

/* Begin XCConfigurationList section */
		688A5469209AAF01E88A821B /* Build configuration list for PBXNativeTarget "unSearch" */ = {
			isa = XCConfigurationList;
			buildConfigurations = (
				688A5A61E26D6695451DA769 /* Debug */,
				688A5694A50A1AA5514C8259 /* Release */,
			);
			defaultConfigurationIsVisible = 0;
			defaultConfigurationName = Release;
		};
		688A5F9E45F6BA96D364A232 /* Build configuration list for PBXProject "unSearch" */ = {
			isa = XCConfigurationList;
			buildConfigurations = (
				688A591FF3A6E23F79EF0CB7 /* Debug */,
				688A59B9FAF09CE2A815A425 /* Release */,
			);
			defaultConfigurationIsVisible = 0;
			defaultConfigurationName = Release;
		};
/* End XCConfigurationList section */

/* Begin XCVersionGroup section */
		EE6EA7CA1C48F79300692406 /* ProfileModel.xcdatamodeld */ = {
			isa = XCVersionGroup;
			children = (
				EE6EA7CB1C48F79300692406 /* ProfileModel.xcdatamodel */,
			);
			currentVersion = EE6EA7CB1C48F79300692406 /* ProfileModel.xcdatamodel */;
			path = ProfileModel.xcdatamodeld;
			sourceTree = "<group>";
			versionGroupType = wrapper.xcdatamodel;
		};
/* End XCVersionGroup section */
	};
	rootObject = 688A5063BF773CB16A0CD55C /* Project object */;
}
